
Microsoft Visual Studio Solution File, Format Version 12.00
# Visual Studio Version 16
VisualStudioVersion = 16.0.31702.278
MinimumVisualStudioVersion = 10.0.40219.1
Project("{FAE04EC0-301F-11D3-BF4B-00C04F79EFBC}") = "Obiady", "Obiady\Obiady.csproj", "{CF3B187A-9258-467D-9457-AB5859F64323}"
EndProject
Global
	GlobalSection(SolutionConfigurationPlatforms) = preSolution
		Debug|Any CPU = Debug|Any CPU
		Release|Any CPU = Release|Any CPU
	EndGlobalSection
	GlobalSection(ProjectConfigurationPlatforms) = postSolution
		{CF3B187A-9258-467D-9457-AB5859F64323}.Debug|Any CPU.ActiveCfg = Debug|Any CPU
		{CF3B187A-9258-467D-9457-AB5859F64323}.Debug|Any CPU.Build.0 = Debug|Any CPU
		{CF3B187A-9258-467D-9457-AB5859F64323}.Release|Any CPU.ActiveCfg = Release|Any CPU
		{CF3B187A-9258-467D-9457-AB5859F64323}.Release|Any CPU.Build.0 = Release|Any CPU
	EndGlobalSection
	GlobalSection(SolutionProperties) = preSolution
		HideSolutionNode = FALSE
	EndGlobalSection
	GlobalSection(ExtensibilityGlobals) = postSolution
		SolutionGuid = {441B41F4-85EC-46E6-ABED-0F0C685A9328}
	EndGlobalSection
EndGlobal
